// !$*UTF8*$!
{
	archiveVersion = 1;
	classes = {
	};
	objectVersion = 77;
	objects = {

/* Begin PBXContainerItemProxy section */
		E89B2CE72D77F3FE008AAF2B /* PBXContainerItemProxy */ = {
			isa = PBXContainerItemProxy;
			containerPortal = E89B2CCD2D77F3FD008AAF2B /* Project object */;
			proxyType = 1;
			remoteGlobalIDString = E89B2CD42D77F3FD008AAF2B;
			remoteInfo = AirBar;
		};
		E89B2CF12D77F3FE008AAF2B /* PBXContainerItemProxy */ = {
			isa = PBXContainerItemProxy;
			containerPortal = E89B2CCD2D77F3FD008AAF2B /* Project object */;
			proxyType = 1;
			remoteGlobalIDString = E89B2CD42D77F3FD008AAF2B;
			remoteInfo = AirBar;
		};
/* End PBXContainerItemProxy section */

/* Begin PBXFileReference section */
		E89B2CD52D77F3FD008AAF2B /* AirBar.app */ = {isa = PBXFileReference; explicitFileType = wrapper.application; includeInIndex = 0; path = AirBar.app; sourceTree = BUILT_PRODUCTS_DIR; };
		E89B2CE62D77F3FE008AAF2B /* AirBarTests.xctest */ = {isa = PBXFileReference; explicitFileType = wrapper.cfbundle; includeInIndex = 0; path = AirBarTests.xctest; sourceTree = BUILT_PRODUCTS_DIR; };
		E89B2CF02D77F3FE008AAF2B /* AirBarUITests.xctest */ = {isa = PBXFileReference; explicitFileType = wrapper.cfbundle; includeInIndex = 0; path = AirBarUITests.xctest; sourceTree = BUILT_PRODUCTS_DIR; };
/* End PBXFileReference section */

/* Begin PBXFileSystemSynchronizedRootGroup section */
		E89B2CD72D77F3FD008AAF2B /* AirBar */ = {
			isa = PBXFileSystemSynchronizedRootGroup;
			path = AirBar;
			sourceTree = "<group>";
		};
		E89B2CE92D77F3FE008AAF2B /* AirBarTests */ = {
			isa = PBXFileSystemSynchronizedRootGroup;
			path = AirBarTests;
			sourceTree = "<group>";
		};
		E89B2CF32D77F3FE008AAF2B /* AirBarUITests */ = {
			isa = PBXFileSystemSynchronizedRootGroup;
			path = AirBarUITests;
			sourceTree = "<group>";
		};
/* End PBXFileSystemSynchronizedRootGroup section */

/* Begin PBXFrameworksBuildPhase section */
		E89B2CD22D77F3FD008AAF2B /* Frameworks */ = {
			isa = PBXFrameworksBuildPhase;
			buildActionMask = 2147483647;
			files = (
			);
			runOnlyForDeploymentPostprocessing = 0;
		};
		E89B2CE32D77F3FE008AAF2B /* Frameworks */ = {
			isa = PBXFrameworksBuildPhase;
			buildActionMask = 2147483647;
			files = (
			);
			runOnlyForDeploymentPostprocessing = 0;
		};
		E89B2CED2D77F3FE008AAF2B /* Frameworks */ = {
			isa = PBXFrameworksBuildPhase;
			buildActionMask = 2147483647;
			files = (
			);
			runOnlyForDeploymentPostprocessing = 0;
		};
/* End PBXFrameworksBuildPhase section */

/* Begin PBXGroup section */
		E89B2CCC2D77F3FD008AAF2B = {
			isa = PBXGroup;
			children = (
				E89B2CD72D77F3FD008AAF2B /* AirBar */,
				E89B2CE92D77F3FE008AAF2B /* AirBarTests */,
				E89B2CF32D77F3FE008AAF2B /* AirBarUITests */,
				E89B2CD62D77F3FD008AAF2B /* Products */,
			);
			sourceTree = "<group>";
		};
		E89B2CD62D77F3FD008AAF2B /* Products */ = {
			isa = PBXGroup;
			children = (
				E89B2CD52D77F3FD008AAF2B /* AirBar.app */,
				E89B2CE62D77F3FE008AAF2B /* AirBarTests.xctest */,
				E89B2CF02D77F3FE008AAF2B /* AirBarUITests.xctest */,
			);
			name = Products;
			sourceTree = "<group>";
		};
/* End PBXGroup section */

/* Begin PBXNativeTarget section */
		E89B2CD42D77F3FD008AAF2B /* AirBar */ = {
			isa = PBXNativeTarget;
			buildConfigurationList = E89B2CFA2D77F3FE008AAF2B /* Build configuration list for PBXNativeTarget "AirBar" */;
			buildPhases = (
				E89B2CD12D77F3FD008AAF2B /* Sources */,
				E89B2CD22D77F3FD008AAF2B /* Frameworks */,
				E89B2CD32D77F3FD008AAF2B /* Resources */,
			);
			buildRules = (
			);
			dependencies = (
			);
			fileSystemSynchronizedGroups = (
				E89B2CD72D77F3FD008AAF2B /* AirBar */,
			);
			name = AirBar;
			packageProductDependencies = (
			);
			productName = AirBar;
			productReference = E89B2CD52D77F3FD008AAF2B /* AirBar.app */;
			productType = "com.apple.product-type.application";
		};
		E89B2CE52D77F3FE008AAF2B /* AirBarTests */ = {
			isa = PBXNativeTarget;
			buildConfigurationList = E89B2CFD2D77F3FE008AAF2B /* Build configuration list for PBXNativeTarget "AirBarTests" */;
			buildPhases = (
				E89B2CE22D77F3FE008AAF2B /* Sources */,
				E89B2CE32D77F3FE008AAF2B /* Frameworks */,
				E89B2CE42D77F3FE008AAF2B /* Resources */,
			);
			buildRules = (
			);
			dependencies = (
				E89B2CE82D77F3FE008AAF2B /* PBXTargetDependency */,
			);
			fileSystemSynchronizedGroups = (
				E89B2CE92D77F3FE008AAF2B /* AirBarTests */,
			);
			name = AirBarTests;
			packageProductDependencies = (
			);
			productName = AirBarTests;
			productReference = E89B2CE62D77F3FE008AAF2B /* AirBarTests.xctest */;
			productType = "com.apple.product-type.bundle.unit-test";
		};
		E89B2CEF2D77F3FE008AAF2B /* AirBarUITests */ = {
			isa = PBXNativeTarget;
			buildConfigurationList = E89B2D002D77F3FE008AAF2B /* Build configuration list for PBXNativeTarget "AirBarUITests" */;
			buildPhases = (
				E89B2CEC2D77F3FE008AAF2B /* Sources */,
				E89B2CED2D77F3FE008AAF2B /* Frameworks */,
				E89B2CEE2D77F3FE008AAF2B /* Resources */,
			);
			buildRules = (
			);
			dependencies = (
				E89B2CF22D77F3FE008AAF2B /* PBXTargetDependency */,
			);
			fileSystemSynchronizedGroups = (
				E89B2CF32D77F3FE008AAF2B /* AirBarUITests */,
			);
			name = AirBarUITests;
			packageProductDependencies = (
			);
			productName = AirBarUITests;
			productReference = E89B2CF02D77F3FE008AAF2B /* AirBarUITests.xctest */;
			productType = "com.apple.product-type.bundle.ui-testing";
		};
/* End PBXNativeTarget section */

/* Begin PBXProject section */
		E89B2CCD2D77F3FD008AAF2B /* Project object */ = {
			isa = PBXProject;
			attributes = {
				BuildIndependentTargetsInParallel = 1;
				LastSwiftUpdateCheck = 1620;
				LastUpgradeCheck = 1620;
				TargetAttributes = {
					E89B2CD42D77F3FD008AAF2B = {
						CreatedOnToolsVersion = 16.2;
					};
					E89B2CE52D77F3FE008AAF2B = {
						CreatedOnToolsVersion = 16.2;
						TestTargetID = E89B2CD42D77F3FD008AAF2B;
					};
					E89B2CEF2D77F3FE008AAF2B = {
						CreatedOnToolsVersion = 16.2;
						TestTargetID = E89B2CD42D77F3FD008AAF2B;
					};
				};
			};
			buildConfigurationList = E89B2CD02D77F3FD008AAF2B /* Build configuration list for PBXProject "AirBar" */;
			developmentRegion = en;
			hasScannedForEncodings = 0;
			knownRegions = (
				en,
				Base,
			);
			mainGroup = E89B2CCC2D77F3FD008AAF2B;
			minimizedProjectReferenceProxies = 1;
			preferredProjectObjectVersion = 77;
			productRefGroup = E89B2CD62D77F3FD008AAF2B /* Products */;
			projectDirPath = "";
			projectRoot = "";
			targets = (
				E89B2CD42D77F3FD008AAF2B /* AirBar */,
				E89B2CE52D77F3FE008AAF2B /* AirBarTests */,
				E89B2CEF2D77F3FE008AAF2B /* AirBarUITests */,
			);
		};
/* End PBXProject section */

/* Begin PBXResourcesBuildPhase section */
		E89B2CD32D77F3FD008AAF2B /* Resources */ = {
			isa = PBXResourcesBuildPhase;
			buildActionMask = 2147483647;
			files = (
			);
			runOnlyForDeploymentPostprocessing = 0;
		};
		E89B2CE42D77F3FE008AAF2B /* Resources */ = {
			isa = PBXResourcesBuildPhase;
			buildActionMask = 2147483647;
			files = (
			);
			runOnlyForDeploymentPostprocessing = 0;
		};
		E89B2CEE2D77F3FE008AAF2B /* Resources */ = {
			isa = PBXResourcesBuildPhase;
			buildActionMask = 2147483647;
			files = (
			);
			runOnlyForDeploymentPostprocessing = 0;
		};
/* End PBXResourcesBuildPhase section */

/* Begin PBXSourcesBuildPhase section */
		E89B2CD12D77F3FD008AAF2B /* Sources */ = {
			isa = PBXSourcesBuildPhase;
			buildActionMask = 2147483647;
			files = (
			);
			runOnlyForDeploymentPostprocessing = 0;
		};
		E89B2CE22D77F3FE008AAF2B /* Sources */ = {
			isa = PBXSourcesBuildPhase;
			buildActionMask = 2147483647;
			files = (
			);
			runOnlyForDeploymentPostprocessing = 0;
		};
		E89B2CEC2D77F3FE008AAF2B /* Sources */ = {
			isa = PBXSourcesBuildPhase;
			buildActionMask = 2147483647;
			files = (
			);
			runOnlyForDeploymentPostprocessing = 0;
		};
/* End PBXSourcesBuildPhase section */

/* Begin PBXTargetDependency section */
		E89B2CE82D77F3FE008AAF2B /* PBXTargetDependency */ = {
			isa = PBXTargetDependency;
			target = E89B2CD42D77F3FD008AAF2B /* AirBar */;
			targetProxy = E89B2CE72D77F3FE008AAF2B /* PBXContainerItemProxy */;
		};
		E89B2CF22D77F3FE008AAF2B /* PBXTargetDependency */ = {
			isa = PBXTargetDependency;
			target = E89B2CD42D77F3FD008AAF2B /* AirBar */;
			targetProxy = E89B2CF12D77F3FE008AAF2B /* PBXContainerItemProxy */;
		};
/* End PBXTargetDependency section */

/* Begin XCBuildConfiguration section */
		E89B2CF82D77F3FE008AAF2B /* Debug */ = {
			isa = XCBuildConfiguration;
			buildSettings = {
				ALWAYS_SEARCH_USER_PATHS = NO;
				ASSETCATALOG_COMPILER_GENERATE_SWIFT_ASSET_SYMBOL_EXTENSIONS = YES;
				CLANG_ANALYZER_NONNULL = YES;
				CLANG_ANALYZER_NUMBER_OBJECT_CONVERSION = YES_AGGRESSIVE;
				CLANG_CXX_LANGUAGE_STANDARD = "gnu++20";
				CLANG_ENABLE_MODULES = YES;
				CLANG_ENABLE_OBJC_ARC = YES;
				CLANG_ENABLE_OBJC_WEAK = YES;
				CLANG_WARN_BLOCK_CAPTURE_AUTORELEASING = YES;
				CLANG_WARN_BOOL_CONVERSION = YES;
				CLANG_WARN_COMMA = YES;
				CLANG_WARN_CONSTANT_CONVERSION = YES;
				CLANG_WARN_DEPRECATED_OBJC_IMPLEMENTATIONS = YES;
				CLANG_WARN_DIRECT_OBJC_ISA_USAGE = YES_ERROR;
				CLANG_WARN_DOCUMENTATION_COMMENTS = YES;
				CLANG_WARN_EMPTY_BODY = YES;
				CLANG_WARN_ENUM_CONVERSION = YES;
				CLANG_WARN_INFINITE_RECURSION = YES;
				CLANG_WARN_INT_CONVERSION = YES;
				CLANG_WARN_NON_LITERAL_NULL_CONVERSION = YES;
				CLANG_WARN_OBJC_IMPLICIT_RETAIN_SELF = YES;
				CLANG_WARN_OBJC_LITERAL_CONVERSION = YES;
				CLANG_WARN_OBJC_ROOT_CLASS = YES_ERROR;
				CLANG_WARN_QUOTED_INCLUDE_IN_FRAMEWORK_HEADER = YES;
				CLANG_WARN_RANGE_LOOP_ANALYSIS = YES;
				CLANG_WARN_STRICT_PROTOTYPES = YES;
				CLANG_WARN_SUSPICIOUS_MOVE = YES;
				CLANG_WARN_UNGUARDED_AVAILABILITY = YES_AGGRESSIVE;
				CLANG_WARN_UNREACHABLE_CODE = YES;
				CLANG_WARN__DUPLICATE_METHOD_MATCH = YES;
				COPY_PHASE_STRIP = NO;
				DEBUG_INFORMATION_FORMAT = dwarf;
				ENABLE_STRICT_OBJC_MSGSEND = YES;
				ENABLE_TESTABILITY = YES;
				ENABLE_USER_SCRIPT_SANDBOXING = YES;
				GCC_C_LANGUAGE_STANDARD = gnu17;
				GCC_DYNAMIC_NO_PIC = NO;
				GCC_NO_COMMON_BLOCKS = YES;
				GCC_OPTIMIZATION_LEVEL = 0;
				GCC_PREPROCESSOR_DEFINITIONS = (
					"DEBUG=1",
					"$(inherited)",
				);
				GCC_WARN_64_TO_32_BIT_CONVERSION = YES;
				GCC_WARN_ABOUT_RETURN_TYPE = YES_ERROR;
				GCC_WARN_UNDECLARED_SELECTOR = YES;
				GCC_WARN_UNINITIALIZED_AUTOS = YES_AGGRESSIVE;
				GCC_WARN_UNUSED_FUNCTION = YES;
				GCC_WARN_UNUSED_VARIABLE = YES;
				LOCALIZATION_PREFERS_STRING_CATALOGS = YES;
				MACOSX_DEPLOYMENT_TARGET = 15.2;
				MTL_ENABLE_DEBUG_INFO = INCLUDE_SOURCE;
				MTL_FAST_MATH = YES;
				ONLY_ACTIVE_ARCH = YES;
				SDKROOT = macosx;
				SWIFT_ACTIVE_COMPILATION_CONDITIONS = "DEBUG $(inherited)";
				SWIFT_OPTIMIZATION_LEVEL = "-Onone";
			};
			name = Debug;
		};
		E89B2CF92D77F3FE008AAF2B /* Release */ = {
			isa = XCBuildConfiguration;
			buildSettings = {
				ALWAYS_SEARCH_USER_PATHS = NO;
				ASSETCATALOG_COMPILER_GENERATE_SWIFT_ASSET_SYMBOL_EXTENSIONS = YES;
				CLANG_ANALYZER_NONNULL = YES;
				CLANG_ANALYZER_NUMBER_OBJECT_CONVERSION = YES_AGGRESSIVE;
				CLANG_CXX_LANGUAGE_STANDARD = "gnu++20";
				CLANG_ENABLE_MODULES = YES;
				CLANG_ENABLE_OBJC_ARC = YES;
				CLANG_ENABLE_OBJC_WEAK = YES;
				CLANG_WARN_BLOCK_CAPTURE_AUTORELEASING = YES;
				CLANG_WARN_BOOL_CONVERSION = YES;
				CLANG_WARN_COMMA = YES;
				CLANG_WARN_CONSTANT_CONVERSION = YES;
				CLANG_WARN_DEPRECATED_OBJC_IMPLEMENTATIONS = YES;
				CLANG_WARN_DIRECT_OBJC_ISA_USAGE = YES_ERROR;
				CLANG_WARN_DOCUMENTATION_COMMENTS = YES;
				CLANG_WARN_EMPTY_BODY = YES;
				CLANG_WARN_ENUM_CONVERSION = YES;
				CLANG_WARN_INFINITE_RECURSION = YES;
				CLANG_WARN_INT_CONVERSION = YES;
				CLANG_WARN_NON_LITERAL_NULL_CONVERSION = YES;
				CLANG_WARN_OBJC_IMPLICIT_RETAIN_SELF = YES;
				CLANG_WARN_OBJC_LITERAL_CONVERSION = YES;
				CLANG_WARN_OBJC_ROOT_CLASS = YES_ERROR;
				CLANG_WARN_QUOTED_INCLUDE_IN_FRAMEWORK_HEADER = YES;
				CLANG_WARN_RANGE_LOOP_ANALYSIS = YES;
				CLANG_WARN_STRICT_PROTOTYPES = YES;
				CLANG_WARN_SUSPICIOUS_MOVE = YES;
				CLANG_WARN_UNGUARDED_AVAILABILITY = YES_AGGRESSIVE;
				CLANG_WARN_UNREACHABLE_CODE = YES;
				CLANG_WARN__DUPLICATE_METHOD_MATCH = YES;
				COPY_PHASE_STRIP = NO;
				DEBUG_INFORMATION_FORMAT = "dwarf-with-dsym";
				ENABLE_NS_ASSERTIONS = NO;
				ENABLE_STRICT_OBJC_MSGSEND = YES;
				ENABLE_USER_SCRIPT_SANDBOXING = YES;
				GCC_C_LANGUAGE_STANDARD = gnu17;
				GCC_NO_COMMON_BLOCKS = YES;
				GCC_WARN_64_TO_32_BIT_CONVERSION = YES;
				GCC_WARN_ABOUT_RETURN_TYPE = YES_ERROR;
				GCC_WARN_UNDECLARED_SELECTOR = YES;
				GCC_WARN_UNINITIALIZED_AUTOS = YES_AGGRESSIVE;
				GCC_WARN_UNUSED_FUNCTION = YES;
				GCC_WARN_UNUSED_VARIABLE = YES;
				LOCALIZATION_PREFERS_STRING_CATALOGS = YES;
				MACOSX_DEPLOYMENT_TARGET = 15.2;
				MTL_ENABLE_DEBUG_INFO = NO;
				MTL_FAST_MATH = YES;
				SDKROOT = macosx;
				SWIFT_COMPILATION_MODE = wholemodule;
			};
			name = Release;
		};
		E89B2CFB2D77F3FE008AAF2B /* Debug */ = {
			isa = XCBuildConfiguration;
			buildSettings = {
				ASSETCATALOG_COMPILER_APPICON_NAME = AppIcon;
				ASSETCATALOG_COMPILER_GLOBAL_ACCENT_COLOR_NAME = AccentColor;
				CODE_SIGN_ENTITLEMENTS = AirBar/AirBar.entitlements;
				"CODE_SIGN_IDENTITY[sdk=macosx*]" = "Apple Development";
				CODE_SIGN_STYLE = Automatic;
				COMBINE_HIDPI_IMAGES = YES;
				CURRENT_PROJECT_VERSION = 1;
				DEVELOPMENT_TEAM = 336T6QZLR5;
				ENABLE_HARDENED_RUNTIME = YES;
				GENERATE_INFOPLIST_FILE = YES;
				INFOPLIST_FILE = "";
				INFOPLIST_KEY_LSUIElement = YES;
				INFOPLIST_KEY_NSHumanReadableCopyright = "";
				INFOPLIST_KEY_NSMainStoryboardFile = Main;
				INFOPLIST_KEY_NSPrincipalClass = NSApplication;
				LD_RUNPATH_SEARCH_PATHS = (
					"$(inherited)",
					"@executable_path/../Frameworks",
				);
				MARKETING_VERSION = 1.0;
				PRODUCT_BUNDLE_IDENTIFIER = com.pineapple.AirBar;
				PRODUCT_NAME = "$(TARGET_NAME)";
				SWIFT_EMIT_LOC_STRINGS = YES;
				SWIFT_VERSION = 5.0;
			};
			name = Debug;
		};
		E89B2CFC2D77F3FE008AAF2B /* Release */ = {
			isa = XCBuildConfiguration;
			buildSettings = {
				ASSETCATALOG_COMPILER_APPICON_NAME = AppIcon;
				ASSETCATALOG_COMPILER_GLOBAL_ACCENT_COLOR_NAME = AccentColor;
				CODE_SIGN_ENTITLEMENTS = AirBar/AirBar.entitlements;
				"CODE_SIGN_IDENTITY[sdk=macosx*]" = "Apple Development";
				CODE_SIGN_STYLE = Automatic;
				COMBINE_HIDPI_IMAGES = YES;
				CURRENT_PROJECT_VERSION = 1;
				DEVELOPMENT_TEAM = 336T6QZLR5;
				ENABLE_HARDENED_RUNTIME = YES;
				GENERATE_INFOPLIST_FILE = YES;
				INFOPLIST_FILE = "";
				INFOPLIST_KEY_LSUIElement = YES;
				INFOPLIST_KEY_NSHumanReadableCopyright = "";
				INFOPLIST_KEY_NSMainStoryboardFile = Main;
				INFOPLIST_KEY_NSPrincipalClass = NSApplication;
				LD_RUNPATH_SEARCH_PATHS = (
					"$(inherited)",
					"@executable_path/../Frameworks",
				);
				MARKETING_VERSION = 1.0;
				PRODUCT_BUNDLE_IDENTIFIER = com.pineapple.AirBar;
				PRODUCT_NAME = "$(TARGET_NAME)";
				SWIFT_EMIT_LOC_STRINGS = YES;
				SWIFT_VERSION = 5.0;
			};
			name = Release;
		};
		E89B2CFE2D77F3FE008AAF2B /* Debug */ = {
			isa = XCBuildConfiguration;
			buildSettings = {
				BUNDLE_LOADER = "$(TEST_HOST)";
				CODE_SIGN_STYLE = Automatic;
				CURRENT_PROJECT_VERSION = 1;
				DEVELOPMENT_TEAM = 336T6QZLR5;
				GENERATE_INFOPLIST_FILE = YES;
				MACOSX_DEPLOYMENT_TARGET = 15.2;
				MARKETING_VERSION = 1.0;
				PRODUCT_BUNDLE_IDENTIFIER = com.pineapple.AirBarTests;
				PRODUCT_NAME = "$(TARGET_NAME)";
				SWIFT_EMIT_LOC_STRINGS = NO;
				SWIFT_VERSION = 5.0;
				TEST_HOST = "$(BUILT_PRODUCTS_DIR)/AirBar.app/$(BUNDLE_EXECUTABLE_FOLDER_PATH)/AirBar";
			};
			name = Debug;
		};
		E89B2CFF2D77F3FE008AAF2B /* Release */ = {
			isa = XCBuildConfiguration;
			buildSettings = {
				BUNDLE_LOADER = "$(TEST_HOST)";
				CODE_SIGN_STYLE = Automatic;
				CURRENT_PROJECT_VERSION = 1;
				DEVELOPMENT_TEAM = 336T6QZLR5;
				GENERATE_INFOPLIST_FILE = YES;
				MACOSX_DEPLOYMENT_TARGET = 15.2;
				MARKETING_VERSION = 1.0;
				PRODUCT_BUNDLE_IDENTIFIER = com.pineapple.AirBarTests;
				PRODUCT_NAME = "$(TARGET_NAME)";
				SWIFT_EMIT_LOC_STRINGS = NO;
				SWIFT_VERSION = 5.0;
				TEST_HOST = "$(BUILT_PRODUCTS_DIR)/AirBar.app/$(BUNDLE_EXECUTABLE_FOLDER_PATH)/AirBar";
			};
			name = Release;
		};
		E89B2D012D77F3FE008AAF2B /* Debug */ = {
			isa = XCBuildConfiguration;
			buildSettings = {
				CODE_SIGN_STYLE = Automatic;
				CURRENT_PROJECT_VERSION = 1;
				DEVELOPMENT_TEAM = 336T6QZLR5;
				GENERATE_INFOPLIST_FILE = YES;
				MARKETING_VERSION = 1.0;
				PRODUCT_BUNDLE_IDENTIFIER = com.pineapple.AirBarUITests;
				PRODUCT_NAME = "$(TARGET_NAME)";
				SWIFT_EMIT_LOC_STRINGS = NO;
				SWIFT_VERSION = 5.0;
				TEST_TARGET_NAME = AirBar;
			};
			name = Debug;
		};
		E89B2D022D77F3FE008AAF2B /* Release */ = {
			isa = XCBuildConfiguration;
			buildSettings = {
				CODE_SIGN_STYLE = Automatic;
				CURRENT_PROJECT_VERSION = 1;
				DEVELOPMENT_TEAM = 336T6QZLR5;
				GENERATE_INFOPLIST_FILE = YES;
				MARKETING_VERSION = 1.0;
				PRODUCT_BUNDLE_IDENTIFIER = com.pineapple.AirBarUITests;
				PRODUCT_NAME = "$(TARGET_NAME)";
				SWIFT_EMIT_LOC_STRINGS = NO;
				SWIFT_VERSION = 5.0;
				TEST_TARGET_NAME = AirBar;
			};
			name = Release;
		};
/* End XCBuildConfiguration section */

/* Begin XCConfigurationList section */
		E89B2CD02D77F3FD008AAF2B /* Build configuration list for PBXProject "AirBar" */ = {
			isa = XCConfigurationList;
			buildConfigurations = (
				E89B2CF82D77F3FE008AAF2B /* Debug */,
				E89B2CF92D77F3FE008AAF2B /* Release */,
			);
			defaultConfigurationIsVisible = 0;
			defaultConfigurationName = Release;
		};
		E89B2CFA2D77F3FE008AAF2B /* Build configuration list for PBXNativeTarget "AirBar" */ = {
			isa = XCConfigurationList;
			buildConfigurations = (
				E89B2CFB2D77F3FE008AAF2B /* Debug */,
				E89B2CFC2D77F3FE008AAF2B /* Release */,
			);
			defaultConfigurationIsVisible = 0;
			defaultConfigurationName = Release;
		};
		E89B2CFD2D77F3FE008AAF2B /* Build configuration list for PBXNativeTarget "AirBarTests" */ = {
			isa = XCConfigurationList;
			buildConfigurations = (
				E89B2CFE2D77F3FE008AAF2B /* Debug */,
				E89B2CFF2D77F3FE008AAF2B /* Release */,
			);
			defaultConfigurationIsVisible = 0;
			defaultConfigurationName = Release;
		};
		E89B2D002D77F3FE008AAF2B /* Build configuration list for PBXNativeTarget "AirBarUITests" */ = {
			isa = XCConfigurationList;
			buildConfigurations = (
				E89B2D012D77F3FE008AAF2B /* Debug */,
				E89B2D022D77F3FE008AAF2B /* Release */,
			);
			defaultConfigurationIsVisible = 0;
			defaultConfigurationName = Release;
		};
/* End XCConfigurationList section */
	};
	rootObject = E89B2CCD2D77F3FD008AAF2B /* Project object */;
}
